// !$*UTF8*$!
{
	archiveVersion = 1;
	classes = {
	};
	objectVersion = 46;
	objects = {

/* Begin PBXBuildFile section */
		780155D31A048705008B96C9 /* HudView.swift in Sources */ = {isa = PBXBuildFile; fileRef = 780155D21A048705008B96C9 /* HudView.swift */; };
		782D91AF1A05D41800FBFEBD /* Functions.swift in Sources */ = {isa = PBXBuildFile; fileRef = 782D91AE1A05D41800FBFEBD /* Functions.swift */; };
		783E6E851A0325D9001DB4E9 /* LocationDetailsVieController.swift in Sources */ = {isa = PBXBuildFile; fileRef = 783E6E841A0325D9001DB4E9 /* LocationDetailsVieController.swift */; };
		783E6E871A03BED2001DB4E9 /* CategoryPickerViewController.swift in Sources */ = {isa = PBXBuildFile; fileRef = 783E6E861A03BED2001DB4E9 /* CategoryPickerViewController.swift */; };
		78D916D619FFDD9B00C1B9DA /* AppDelegate.swift in Sources */ = {isa = PBXBuildFile; fileRef = 78D916D519FFDD9B00C1B9DA /* AppDelegate.swift */; };
		78D916D819FFDD9B00C1B9DA /* CurrentLocationViewController.swift in Sources */ = {isa = PBXBuildFile; fileRef = 78D916D719FFDD9B00C1B9DA /* CurrentLocationViewController.swift */; };
		78D916DA19FFDD9B00C1B9DA /* SecondViewController.swift in Sources */ = {isa = PBXBuildFile; fileRef = 78D916D919FFDD9B00C1B9DA /* SecondViewController.swift */; };
		78D916DD19FFDD9B00C1B9DA /* Main.storyboard in Resources */ = {isa = PBXBuildFile; fileRef = 78D916DB19FFDD9B00C1B9DA /* Main.storyboard */; };
		78D916DF19FFDD9C00C1B9DA /* Images.xcassets in Resources */ = {isa = PBXBuildFile; fileRef = 78D916DE19FFDD9C00C1B9DA /* Images.xcassets */; };
		78D916E219FFDD9C00C1B9DA /* LaunchScreen.xib in Resources */ = {isa = PBXBuildFile; fileRef = 78D916E019FFDD9C00C1B9DA /* LaunchScreen.xib */; };
		78D916EE19FFDD9C00C1B9DA /* MyLocationsTests.swift in Sources */ = {isa = PBXBuildFile; fileRef = 78D916ED19FFDD9C00C1B9DA /* MyLocationsTests.swift */; };
/* End PBXBuildFile section */

/* Begin PBXContainerItemProxy section */
		78D916E819FFDD9C00C1B9DA /* PBXContainerItemProxy */ = {
			isa = PBXContainerItemProxy;
			containerPortal = 78D916C819FFDD9B00C1B9DA /* Project object */;
			proxyType = 1;
			remoteGlobalIDString = 78D916CF19FFDD9B00C1B9DA;
			remoteInfo = MyLocations;
		};
/* End PBXContainerItemProxy section */

/* Begin PBXFileReference section */
		780155D21A048705008B96C9 /* HudView.swift */ = {isa = PBXFileReference; fileEncoding = 4; lastKnownFileType = sourcecode.swift; path = HudView.swift; sourceTree = "<group>"; };
		782D91AE1A05D41800FBFEBD /* Functions.swift */ = {isa = PBXFileReference; fileEncoding = 4; lastKnownFileType = sourcecode.swift; path = Functions.swift; sourceTree = "<group>"; };
		783E6E841A0325D9001DB4E9 /* LocationDetailsVieController.swift */ = {isa = PBXFileReference; fileEncoding = 4; lastKnownFileType = sourcecode.swift; path = LocationDetailsVieController.swift; sourceTree = "<group>"; };
		783E6E861A03BED2001DB4E9 /* CategoryPickerViewController.swift */ = {isa = PBXFileReference; fileEncoding = 4; lastKnownFileType = sourcecode.swift; path = CategoryPickerViewController.swift; sourceTree = "<group>"; };
		78D916D019FFDD9B00C1B9DA /* MyLocations.app */ = {isa = PBXFileReference; explicitFileType = wrapper.application; includeInIndex = 0; path = MyLocations.app; sourceTree = BUILT_PRODUCTS_DIR; };
		78D916D419FFDD9B00C1B9DA /* Info.plist */ = {isa = PBXFileReference; lastKnownFileType = text.plist.xml; path = Info.plist; sourceTree = "<group>"; };
		78D916D519FFDD9B00C1B9DA /* AppDelegate.swift */ = {isa = PBXFileReference; lastKnownFileType = sourcecode.swift; path = AppDelegate.swift; sourceTree = "<group>"; };
		78D916D719FFDD9B00C1B9DA /* CurrentLocationViewController.swift */ = {isa = PBXFileReference; lastKnownFileType = sourcecode.swift; path = CurrentLocationViewController.swift; sourceTree = "<group>"; };
		78D916D919FFDD9B00C1B9DA /* SecondViewController.swift */ = {isa = PBXFileReference; lastKnownFileType = sourcecode.swift; path = SecondViewController.swift; sourceTree = "<group>"; };
		78D916DC19FFDD9B00C1B9DA /* Base */ = {isa = PBXFileReference; lastKnownFileType = file.storyboard; name = Base; path = Base.lproj/Main.storyboard; sourceTree = "<group>"; };
		78D916DE19FFDD9C00C1B9DA /* Images.xcassets */ = {isa = PBXFileReference; lastKnownFileType = folder.assetcatalog; path = Images.xcassets; sourceTree = "<group>"; };
		78D916E119FFDD9C00C1B9DA /* Base */ = {isa = PBXFileReference; lastKnownFileType = file.xib; name = Base; path = Base.lproj/LaunchScreen.xib; sourceTree = "<group>"; };
		78D916E719FFDD9C00C1B9DA /* MyLocationsTests.xctest */ = {isa = PBXFileReference; explicitFileType = wrapper.cfbundle; includeInIndex = 0; path = MyLocationsTests.xctest; sourceTree = BUILT_PRODUCTS_DIR; };
		78D916EC19FFDD9C00C1B9DA /* Info.plist */ = {isa = PBXFileReference; lastKnownFileType = text.plist.xml; path = Info.plist; sourceTree = "<group>"; };
		78D916ED19FFDD9C00C1B9DA /* MyLocationsTests.swift */ = {isa = PBXFileReference; lastKnownFileType = sourcecode.swift; path = MyLocationsTests.swift; sourceTree = "<group>"; };
/* End PBXFileReference section */

/* Begin PBXFrameworksBuildPhase section */
		78D916CD19FFDD9B00C1B9DA /* Frameworks */ = {
			isa = PBXFrameworksBuildPhase;
			buildActionMask = 2147483647;
			files = (
			);
			runOnlyForDeploymentPostprocessing = 0;
		};
		78D916E419FFDD9C00C1B9DA /* Frameworks */ = {
			isa = PBXFrameworksBuildPhase;
			buildActionMask = 2147483647;
			files = (
			);
			runOnlyForDeploymentPostprocessing = 0;
		};
/* End PBXFrameworksBuildPhase section */

/* Begin PBXGroup section */
		78D916C719FFDD9B00C1B9DA = {
			isa = PBXGroup;
			children = (
				78D916D219FFDD9B00C1B9DA /* MyLocations */,
				78D916EA19FFDD9C00C1B9DA /* MyLocationsTests */,
				78D916D119FFDD9B00C1B9DA /* Products */,
			);
			sourceTree = "<group>";
		};
		78D916D119FFDD9B00C1B9DA /* Products */ = {
			isa = PBXGroup;
			children = (
				78D916D019FFDD9B00C1B9DA /* MyLocations.app */,
				78D916E719FFDD9C00C1B9DA /* MyLocationsTests.xctest */,
			);
			name = Products;
			sourceTree = "<group>";
		};
		78D916D219FFDD9B00C1B9DA /* MyLocations */ = {
			isa = PBXGroup;
			children = (
				78D916D519FFDD9B00C1B9DA /* AppDelegate.swift */,
				783E6E861A03BED2001DB4E9 /* CategoryPickerViewController.swift */,
				78D916D719FFDD9B00C1B9DA /* CurrentLocationViewController.swift */,
				782D91AE1A05D41800FBFEBD /* Functions.swift */,
				780155D21A048705008B96C9 /* HudView.swift */,
				783E6E841A0325D9001DB4E9 /* LocationDetailsVieController.swift */,
				78D916D919FFDD9B00C1B9DA /* SecondViewController.swift */,
				78D916DE19FFDD9C00C1B9DA /* Images.xcassets */,
				78D916E019FFDD9C00C1B9DA /* LaunchScreen.xib */,
				78D916DB19FFDD9B00C1B9DA /* Main.storyboard */,
				78D916D319FFDD9B00C1B9DA /* Supporting Files */,
			);
			path = MyLocations;
			sourceTree = "<group>";
		};
		78D916D319FFDD9B00C1B9DA /* Supporting Files */ = {
			isa = PBXGroup;
			children = (
				78D916D419FFDD9B00C1B9DA /* Info.plist */,
			);
			name = "Supporting Files";
			sourceTree = "<group>";
		};
		78D916EA19FFDD9C00C1B9DA /* MyLocationsTests */ = {
			isa = PBXGroup;
			children = (
				78D916ED19FFDD9C00C1B9DA /* MyLocationsTests.swift */,
				78D916EB19FFDD9C00C1B9DA /* Supporting Files */,
			);
			path = MyLocationsTests;
			sourceTree = "<group>";
		};
		78D916EB19FFDD9C00C1B9DA /* Supporting Files */ = {
			isa = PBXGroup;
			children = (
				78D916EC19FFDD9C00C1B9DA /* Info.plist */,
			);
			name = "Supporting Files";
			sourceTree = "<group>";
		};
/* End PBXGroup section */

/* Begin PBXNativeTarget section */
		78D916CF19FFDD9B00C1B9DA /* MyLocations */ = {
			isa = PBXNativeTarget;
			buildConfigurationList = 78D916F119FFDD9C00C1B9DA /* Build configuration list for PBXNativeTarget "MyLocations" */;
			buildPhases = (
				78D916CC19FFDD9B00C1B9DA /* Sources */,
				78D916CD19FFDD9B00C1B9DA /* Frameworks */,
				78D916CE19FFDD9B00C1B9DA /* Resources */,
			);
			buildRules = (
			);
			dependencies = (
			);
			name = MyLocations;
			productName = MyLocations;
			productReference = 78D916D019FFDD9B00C1B9DA /* MyLocations.app */;
			productType = "com.apple.product-type.application";
		};
		78D916E619FFDD9C00C1B9DA /* MyLocationsTests */ = {
			isa = PBXNativeTarget;
			buildConfigurationList = 78D916F419FFDD9C00C1B9DA /* Build configuration list for PBXNativeTarget "MyLocationsTests" */;
			buildPhases = (
				78D916E319FFDD9C00C1B9DA /* Sources */,
				78D916E419FFDD9C00C1B9DA /* Frameworks */,
				78D916E519FFDD9C00C1B9DA /* Resources */,
			);
			buildRules = (
			);
			dependencies = (
				78D916E919FFDD9C00C1B9DA /* PBXTargetDependency */,
			);
			name = MyLocationsTests;
			productName = MyLocationsTests;
			productReference = 78D916E719FFDD9C00C1B9DA /* MyLocationsTests.xctest */;
			productType = "com.apple.product-type.bundle.unit-test";
		};
/* End PBXNativeTarget section */

/* Begin PBXProject section */
		78D916C819FFDD9B00C1B9DA /* Project object */ = {
			isa = PBXProject;
			attributes = {
				LastUpgradeCheck = 0610;
				ORGANIZATIONNAME = yaming;
				TargetAttributes = {
					78D916CF19FFDD9B00C1B9DA = {
						CreatedOnToolsVersion = 6.1;
					};
					78D916E619FFDD9C00C1B9DA = {
						CreatedOnToolsVersion = 6.1;
						TestTargetID = 78D916CF19FFDD9B00C1B9DA;
					};
				};
			};
			buildConfigurationList = 78D916CB19FFDD9B00C1B9DA /* Build configuration list for PBXProject "MyLocations" */;
			compatibilityVersion = "Xcode 3.2";
			developmentRegion = English;
			hasScannedForEncodings = 0;
			knownRegions = (
				en,
				Base,
			);
			mainGroup = 78D916C719FFDD9B00C1B9DA;
			productRefGroup = 78D916D119FFDD9B00C1B9DA /* Products */;
			projectDirPath = "";
			projectRoot = "";
			targets = (
				78D916CF19FFDD9B00C1B9DA /* MyLocations */,
				78D916E619FFDD9C00C1B9DA /* MyLocationsTests */,
			);
		};
/* End PBXProject section */

/* Begin PBXResourcesBuildPhase section */
		78D916CE19FFDD9B00C1B9DA /* Resources */ = {
			isa = PBXResourcesBuildPhase;
			buildActionMask = 2147483647;
			files = (
				78D916DD19FFDD9B00C1B9DA /* Main.storyboard in Resources */,
				78D916E219FFDD9C00C1B9DA /* LaunchScreen.xib in Resources */,
				78D916DF19FFDD9C00C1B9DA /* Images.xcassets in Resources */,
			);
			runOnlyForDeploymentPostprocessing = 0;
		};
		78D916E519FFDD9C00C1B9DA /* Resources */ = {
			isa = PBXResourcesBuildPhase;
			buildActionMask = 2147483647;
			files = (
			);
			runOnlyForDeploymentPostprocessing = 0;
		};
/* End PBXResourcesBuildPhase section */

/* Begin PBXSourcesBuildPhase section */
		78D916CC19FFDD9B00C1B9DA /* Sources */ = {
			isa = PBXSourcesBuildPhase;
			buildActionMask = 2147483647;
			files = (
				783E6E851A0325D9001DB4E9 /* LocationDetailsVieController.swift in Sources */,
				78D916DA19FFDD9B00C1B9DA /* SecondViewController.swift in Sources */,
				780155D31A048705008B96C9 /* HudView.swift in Sources */,
				782D91AF1A05D41800FBFEBD /* Functions.swift in Sources */,
				78D916D619FFDD9B00C1B9DA /* AppDelegate.swift in Sources */,
				783E6E871A03BED2001DB4E9 /* CategoryPickerViewController.swift in Sources */,
				78D916D819FFDD9B00C1B9DA /* CurrentLocationViewController.swift in Sources */,
			);
			runOnlyForDeploymentPostprocessing = 0;
		};
		78D916E319FFDD9C00C1B9DA /* Sources */ = {
			isa = PBXSourcesBuildPhase;
			buildActionMask = 2147483647;
			files = (
				78D916EE19FFDD9C00C1B9DA /* MyLocationsTests.swift in Sources */,
			);
			runOnlyForDeploymentPostprocessing = 0;
		};
/* End PBXSourcesBuildPhase section */

/* Begin PBXTargetDependency section */
		78D916E919FFDD9C00C1B9DA /* PBXTargetDependency */ = {
			isa = PBXTargetDependency;
			target = 78D916CF19FFDD9B00C1B9DA /* MyLocations */;
			targetProxy = 78D916E819FFDD9C00C1B9DA /* PBXContainerItemProxy */;
		};
/* End PBXTargetDependency section */

/* Begin PBXVariantGroup section */
		78D916DB19FFDD9B00C1B9DA /* Main.storyboard */ = {
			isa = PBXVariantGroup;
			children = (
				78D916DC19FFDD9B00C1B9DA /* Base */,
			);
			name = Main.storyboard;
			sourceTree = "<group>";
		};
		78D916E019FFDD9C00C1B9DA /* LaunchScreen.xib */ = {
			isa = PBXVariantGroup;
			children = (
				78D916E119FFDD9C00C1B9DA /* Base */,
			);
			name = LaunchScreen.xib;
			sourceTree = "<group>";
		};
/* End PBXVariantGroup section */

/* Begin XCBuildConfiguration section */
		78D916EF19FFDD9C00C1B9DA /* Debug */ = {
			isa = XCBuildConfiguration;
			buildSettings = {
				ALWAYS_SEARCH_USER_PATHS = NO;
				CLANG_CXX_LANGUAGE_STANDARD = "gnu++0x";
				CLANG_CXX_LIBRARY = "libc++";
				CLANG_ENABLE_MODULES = YES;
				CLANG_ENABLE_OBJC_ARC = YES;
				CLANG_WARN_BOOL_CONVERSION = YES;
				CLANG_WARN_CONSTANT_CONVERSION = YES;
				CLANG_WARN_DIRECT_OBJC_ISA_USAGE = YES_ERROR;
				CLANG_WARN_EMPTY_BODY = YES;
				CLANG_WARN_ENUM_CONVERSION = YES;
				CLANG_WARN_INT_CONVERSION = YES;
				CLANG_WARN_OBJC_ROOT_CLASS = YES_ERROR;
				CLANG_WARN_UNREACHABLE_CODE = YES;
				CLANG_WARN__DUPLICATE_METHOD_MATCH = YES;
				"CODE_SIGN_IDENTITY[sdk=iphoneos*]" = "iPhone Developer";
				COPY_PHASE_STRIP = NO;
				ENABLE_STRICT_OBJC_MSGSEND = YES;
				GCC_C_LANGUAGE_STANDARD = gnu99;
				GCC_DYNAMIC_NO_PIC = NO;
				GCC_OPTIMIZATION_LEVEL = 0;
				GCC_PREPROCESSOR_DEFINITIONS = (
					"DEBUG=1",
					"$(inherited)",
				);
				GCC_SYMBOLS_PRIVATE_EXTERN = NO;
				GCC_WARN_64_TO_32_BIT_CONVERSION = YES;
				GCC_WARN_ABOUT_RETURN_TYPE = YES_ERROR;
				GCC_WARN_UNDECLARED_SELECTOR = YES;
				GCC_WARN_UNINITIALIZED_AUTOS = YES_AGGRESSIVE;
				GCC_WARN_UNUSED_FUNCTION = YES;
				GCC_WARN_UNUSED_VARIABLE = YES;
				IPHONEOS_DEPLOYMENT_TARGET = 8.1;
				MTL_ENABLE_DEBUG_INFO = YES;
				ONLY_ACTIVE_ARCH = YES;
				SDKROOT = iphoneos;
				SWIFT_OPTIMIZATION_LEVEL = "-Onone";
			};
			name = Debug;
		};
		78D916F019FFDD9C00C1B9DA /* Release */ = {
			isa = XCBuildConfiguration;
			buildSettings = {
				ALWAYS_SEARCH_USER_PATHS = NO;
				CLANG_CXX_LANGUAGE_STANDARD = "gnu++0x";
				CLANG_CXX_LIBRARY = "libc++";
				CLANG_ENABLE_MODULES = YES;
				CLANG_ENABLE_OBJC_ARC = YES;
				CLANG_WARN_BOOL_CONVERSION = YES;
				CLANG_WARN_CONSTANT_CONVERSION = YES;
				CLANG_WARN_DIRECT_OBJC_ISA_USAGE = YES_ERROR;
				CLANG_WARN_EMPTY_BODY = YES;
				CLANG_WARN_ENUM_CONVERSION = YES;
				CLANG_WARN_INT_CONVERSION = YES;
				CLANG_WARN_OBJC_ROOT_CLASS = YES_ERROR;
				CLANG_WARN_UNREACHABLE_CODE = YES;
				CLANG_WARN__DUPLICATE_METHOD_MATCH = YES;
				"CODE_SIGN_IDENTITY[sdk=iphoneos*]" = "iPhone Developer";
				COPY_PHASE_STRIP = YES;
				ENABLE_NS_ASSERTIONS = NO;
				ENABLE_STRICT_OBJC_MSGSEND = YES;
				GCC_C_LANGUAGE_STANDARD = gnu99;
				GCC_WARN_64_TO_32_BIT_CONVERSION = YES;
				GCC_WARN_ABOUT_RETURN_TYPE = YES_ERROR;
				GCC_WARN_UNDECLARED_SELECTOR = YES;
				GCC_WARN_UNINITIALIZED_AUTOS = YES_AGGRESSIVE;
				GCC_WARN_UNUSED_FUNCTION = YES;
				GCC_WARN_UNUSED_VARIABLE = YES;
				IPHONEOS_DEPLOYMENT_TARGET = 8.1;
				MTL_ENABLE_DEBUG_INFO = NO;
				SDKROOT = iphoneos;
				VALIDATE_PRODUCT = YES;
			};
			name = Release;
		};
		78D916F219FFDD9C00C1B9DA /* Debug */ = {
			isa = XCBuildConfiguration;
			buildSettings = {
				ASSETCATALOG_COMPILER_APPICON_NAME = AppIcon;
				INFOPLIST_FILE = MyLocations/Info.plist;
				LD_RUNPATH_SEARCH_PATHS = "$(inherited) @executable_path/Frameworks";
				PRODUCT_NAME = "$(TARGET_NAME)";
			};
			name = Debug;
		};
		78D916F319FFDD9C00C1B9DA /* Release */ = {
			isa = XCBuildConfiguration;
			buildSettings = {
				ASSETCATALOG_COMPILER_APPICON_NAME = AppIcon;
				INFOPLIST_FILE = MyLocations/Info.plist;
				LD_RUNPATH_SEARCH_PATHS = "$(inherited) @executable_path/Frameworks";
				PRODUCT_NAME = "$(TARGET_NAME)";
			};
			name = Release;
		};
		78D916F519FFDD9C00C1B9DA /* Debug */ = {
			isa = XCBuildConfiguration;
			buildSettings = {
				BUNDLE_LOADER = "$(TEST_HOST)";
				FRAMEWORK_SEARCH_PATHS = (
					"$(SDKROOT)/Developer/Library/Frameworks",
					"$(inherited)",
				);
				GCC_PREPROCESSOR_DEFINITIONS = (
					"DEBUG=1",
					"$(inherited)",
				);
				INFOPLIST_FILE = MyLocationsTests/Info.plist;
				LD_RUNPATH_SEARCH_PATHS = "$(inherited) @executable_path/Frameworks @loader_path/Frameworks";
				PRODUCT_NAME = "$(TARGET_NAME)";
				TEST_HOST = "$(BUILT_PRODUCTS_DIR)/MyLocations.app/MyLocations";
			};
			name = Debug;
		};
		78D916F619FFDD9C00C1B9DA /* Release */ = {
			isa = XCBuildConfiguration;
			buildSettings = {
				BUNDLE_LOADER = "$(TEST_HOST)";
				FRAMEWORK_SEARCH_PATHS = (
					"$(SDKROOT)/Developer/Library/Frameworks",
					"$(inherited)",
				);
				INFOPLIST_FILE = MyLocationsTests/Info.plist;
				LD_RUNPATH_SEARCH_PATHS = "$(inherited) @executable_path/Frameworks @loader_path/Frameworks";
				PRODUCT_NAME = "$(TARGET_NAME)";
				TEST_HOST = "$(BUILT_PRODUCTS_DIR)/MyLocations.app/MyLocations";
			};
			name = Release;
		};
/* End XCBuildConfiguration section */

/* Begin XCConfigurationList section */
		78D916CB19FFDD9B00C1B9DA /* Build configuration list for PBXProject "MyLocations" */ = {
			isa = XCConfigurationList;
			buildConfigurations = (
				78D916EF19FFDD9C00C1B9DA /* Debug */,
				78D916F019FFDD9C00C1B9DA /* Release */,
			);
			defaultConfigurationIsVisible = 0;
			defaultConfigurationName = Release;
		};
		78D916F119FFDD9C00C1B9DA /* Build configuration list for PBXNativeTarget "MyLocations" */ = {
			isa = XCConfigurationList;
			buildConfigurations = (
				78D916F219FFDD9C00C1B9DA /* Debug */,
				78D916F319FFDD9C00C1B9DA /* Release */,
			);
			defaultConfigurationIsVisible = 0;
			defaultConfigurationName = Release;
		};
		78D916F419FFDD9C00C1B9DA /* Build configuration list for PBXNativeTarget "MyLocationsTests" */ = {
			isa = XCConfigurationList;
			buildConfigurations = (
				78D916F519FFDD9C00C1B9DA /* Debug */,
				78D916F619FFDD9C00C1B9DA /* Release */,
			);
			defaultConfigurationIsVisible = 0;
			defaultConfigurationName = Release;
		};
/* End XCConfigurationList section */
	};
	rootObject = 78D916C819FFDD9B00C1B9DA /* Project object */;
}
