// !$*UTF8*$!
{
	archiveVersion = 1;
	classes = {
	};
	objectVersion = 46;
	objects = {

/* Begin PBXBuildFile section */
		F0B05D811A33D4AC00B253D1 /* AppDelegate.swift in Sources */ = {isa = PBXBuildFile; fileRef = F0B05D801A33D4AC00B253D1 /* AppDelegate.swift */; };
		F0B05D831A33D4AC00B253D1 /* ViewController.swift in Sources */ = {isa = PBXBuildFile; fileRef = F0B05D821A33D4AC00B253D1 /* ViewController.swift */; };
		F0B05D861A33D4AC00B253D1 /* Main.storyboard in Resources */ = {isa = PBXBuildFile; fileRef = F0B05D841A33D4AC00B253D1 /* Main.storyboard */; };
		F0B05D881A33D4AC00B253D1 /* Images.xcassets in Resources */ = {isa = PBXBuildFile; fileRef = F0B05D871A33D4AC00B253D1 /* Images.xcassets */; };
		F0B05D8B1A33D4AC00B253D1 /* LaunchScreen.xib in Resources */ = {isa = PBXBuildFile; fileRef = F0B05D891A33D4AC00B253D1 /* LaunchScreen.xib */; };
		F0B05D971A33D4AC00B253D1 /* testTransformTests.swift in Sources */ = {isa = PBXBuildFile; fileRef = F0B05D961A33D4AC00B253D1 /* testTransformTests.swift */; };
/* End PBXBuildFile section */

/* Begin PBXContainerItemProxy section */
		F0B05D911A33D4AC00B253D1 /* PBXContainerItemProxy */ = {
			isa = PBXContainerItemProxy;
			containerPortal = F0B05D731A33D4AC00B253D1 /* Project object */;
			proxyType = 1;
			remoteGlobalIDString = F0B05D7A1A33D4AC00B253D1;
			remoteInfo = testTransform;
		};
/* End PBXContainerItemProxy section */

/* Begin PBXFileReference section */
		F0B05D7B1A33D4AC00B253D1 /* testTransform.app */ = {isa = PBXFileReference; explicitFileType = wrapper.application; includeInIndex = 0; path = testTransform.app; sourceTree = BUILT_PRODUCTS_DIR; };
		F0B05D7F1A33D4AC00B253D1 /* Info.plist */ = {isa = PBXFileReference; lastKnownFileType = text.plist.xml; path = Info.plist; sourceTree = "<group>"; };
		F0B05D801A33D4AC00B253D1 /* AppDelegate.swift */ = {isa = PBXFileReference; lastKnownFileType = sourcecode.swift; path = AppDelegate.swift; sourceTree = "<group>"; };
		F0B05D821A33D4AC00B253D1 /* ViewController.swift */ = {isa = PBXFileReference; lastKnownFileType = sourcecode.swift; path = ViewController.swift; sourceTree = "<group>"; };
		F0B05D851A33D4AC00B253D1 /* Base */ = {isa = PBXFileReference; lastKnownFileType = file.storyboard; name = Base; path = Base.lproj/Main.storyboard; sourceTree = "<group>"; };
		F0B05D871A33D4AC00B253D1 /* Images.xcassets */ = {isa = PBXFileReference; lastKnownFileType = folder.assetcatalog; path = Images.xcassets; sourceTree = "<group>"; };
		F0B05D8A1A33D4AC00B253D1 /* Base */ = {isa = PBXFileReference; lastKnownFileType = file.xib; name = Base; path = Base.lproj/LaunchScreen.xib; sourceTree = "<group>"; };
		F0B05D901A33D4AC00B253D1 /* testTransformTests.xctest */ = {isa = PBXFileReference; explicitFileType = wrapper.cfbundle; includeInIndex = 0; path = testTransformTests.xctest; sourceTree = BUILT_PRODUCTS_DIR; };
		F0B05D951A33D4AC00B253D1 /* Info.plist */ = {isa = PBXFileReference; lastKnownFileType = text.plist.xml; path = Info.plist; sourceTree = "<group>"; };
		F0B05D961A33D4AC00B253D1 /* testTransformTests.swift */ = {isa = PBXFileReference; lastKnownFileType = sourcecode.swift; path = testTransformTests.swift; sourceTree = "<group>"; };
/* End PBXFileReference section */

/* Begin PBXFrameworksBuildPhase section */
		F0B05D781A33D4AC00B253D1 /* Frameworks */ = {
			isa = PBXFrameworksBuildPhase;
			buildActionMask = 2147483647;
			files = (
			);
			runOnlyForDeploymentPostprocessing = 0;
		};
		F0B05D8D1A33D4AC00B253D1 /* Frameworks */ = {
			isa = PBXFrameworksBuildPhase;
			buildActionMask = 2147483647;
			files = (
			);
			runOnlyForDeploymentPostprocessing = 0;
		};
/* End PBXFrameworksBuildPhase section */

/* Begin PBXGroup section */
		F0B05D721A33D4AC00B253D1 = {
			isa = PBXGroup;
			children = (
				F0B05D7D1A33D4AC00B253D1 /* testTransform */,
				F0B05D931A33D4AC00B253D1 /* testTransformTests */,
				F0B05D7C1A33D4AC00B253D1 /* Products */,
			);
			sourceTree = "<group>";
		};
		F0B05D7C1A33D4AC00B253D1 /* Products */ = {
			isa = PBXGroup;
			children = (
				F0B05D7B1A33D4AC00B253D1 /* testTransform.app */,
				F0B05D901A33D4AC00B253D1 /* testTransformTests.xctest */,
			);
			name = Products;
			sourceTree = "<group>";
		};
		F0B05D7D1A33D4AC00B253D1 /* testTransform */ = {
			isa = PBXGroup;
			children = (
				F0B05D801A33D4AC00B253D1 /* AppDelegate.swift */,
				F0B05D821A33D4AC00B253D1 /* ViewController.swift */,
				F0B05D841A33D4AC00B253D1 /* Main.storyboard */,
				F0B05D871A33D4AC00B253D1 /* Images.xcassets */,
				F0B05D891A33D4AC00B253D1 /* LaunchScreen.xib */,
				F0B05D7E1A33D4AC00B253D1 /* Supporting Files */,
			);
			path = testTransform;
			sourceTree = "<group>";
		};
		F0B05D7E1A33D4AC00B253D1 /* Supporting Files */ = {
			isa = PBXGroup;
			children = (
				F0B05D7F1A33D4AC00B253D1 /* Info.plist */,
			);
			name = "Supporting Files";
			sourceTree = "<group>";
		};
		F0B05D931A33D4AC00B253D1 /* testTransformTests */ = {
			isa = PBXGroup;
			children = (
				F0B05D961A33D4AC00B253D1 /* testTransformTests.swift */,
				F0B05D941A33D4AC00B253D1 /* Supporting Files */,
			);
			path = testTransformTests;
			sourceTree = "<group>";
		};
		F0B05D941A33D4AC00B253D1 /* Supporting Files */ = {
			isa = PBXGroup;
			children = (
				F0B05D951A33D4AC00B253D1 /* Info.plist */,
			);
			name = "Supporting Files";
			sourceTree = "<group>";
		};
/* End PBXGroup section */

/* Begin PBXNativeTarget section */
		F0B05D7A1A33D4AC00B253D1 /* testTransform */ = {
			isa = PBXNativeTarget;
			buildConfigurationList = F0B05D9A1A33D4AC00B253D1 /* Build configuration list for PBXNativeTarget "testTransform" */;
			buildPhases = (
				F0B05D771A33D4AC00B253D1 /* Sources */,
				F0B05D781A33D4AC00B253D1 /* Frameworks */,
				F0B05D791A33D4AC00B253D1 /* Resources */,
			);
			buildRules = (
			);
			dependencies = (
			);
			name = testTransform;
			productName = testTransform;
			productReference = F0B05D7B1A33D4AC00B253D1 /* testTransform.app */;
			productType = "com.apple.product-type.application";
		};
		F0B05D8F1A33D4AC00B253D1 /* testTransformTests */ = {
			isa = PBXNativeTarget;
			buildConfigurationList = F0B05D9D1A33D4AC00B253D1 /* Build configuration list for PBXNativeTarget "testTransformTests" */;
			buildPhases = (
				F0B05D8C1A33D4AC00B253D1 /* Sources */,
				F0B05D8D1A33D4AC00B253D1 /* Frameworks */,
				F0B05D8E1A33D4AC00B253D1 /* Resources */,
			);
			buildRules = (
			);
			dependencies = (
				F0B05D921A33D4AC00B253D1 /* PBXTargetDependency */,
			);
			name = testTransformTests;
			productName = testTransformTests;
			productReference = F0B05D901A33D4AC00B253D1 /* testTransformTests.xctest */;
			productType = "com.apple.product-type.bundle.unit-test";
		};
/* End PBXNativeTarget section */

/* Begin PBXProject section */
		F0B05D731A33D4AC00B253D1 /* Project object */ = {
			isa = PBXProject;
			attributes = {
				LastUpgradeCheck = 0610;
				ORGANIZATIONNAME = wuyaming;
				TargetAttributes = {
					F0B05D7A1A33D4AC00B253D1 = {
						CreatedOnToolsVersion = 6.1;
					};
					F0B05D8F1A33D4AC00B253D1 = {
						CreatedOnToolsVersion = 6.1;
						TestTargetID = F0B05D7A1A33D4AC00B253D1;
					};
				};
			};
			buildConfigurationList = F0B05D761A33D4AC00B253D1 /* Build configuration list for PBXProject "testTransform" */;
			compatibilityVersion = "Xcode 3.2";
			developmentRegion = English;
			hasScannedForEncodings = 0;
			knownRegions = (
				en,
				Base,
			);
			mainGroup = F0B05D721A33D4AC00B253D1;
			productRefGroup = F0B05D7C1A33D4AC00B253D1 /* Products */;
			projectDirPath = "";
			projectRoot = "";
			targets = (
				F0B05D7A1A33D4AC00B253D1 /* testTransform */,
				F0B05D8F1A33D4AC00B253D1 /* testTransformTests */,
			);
		};
/* End PBXProject section */

/* Begin PBXResourcesBuildPhase section */
		F0B05D791A33D4AC00B253D1 /* Resources */ = {
			isa = PBXResourcesBuildPhase;
			buildActionMask = 2147483647;
			files = (
				F0B05D861A33D4AC00B253D1 /* Main.storyboard in Resources */,
				F0B05D8B1A33D4AC00B253D1 /* LaunchScreen.xib in Resources */,
				F0B05D881A33D4AC00B253D1 /* Images.xcassets in Resources */,
			);
			runOnlyForDeploymentPostprocessing = 0;
		};
		F0B05D8E1A33D4AC00B253D1 /* Resources */ = {
			isa = PBXResourcesBuildPhase;
			buildActionMask = 2147483647;
			files = (
			);
			runOnlyForDeploymentPostprocessing = 0;
		};
/* End PBXResourcesBuildPhase section */

/* Begin PBXSourcesBuildPhase section */
		F0B05D771A33D4AC00B253D1 /* Sources */ = {
			isa = PBXSourcesBuildPhase;
			buildActionMask = 2147483647;
			files = (
				F0B05D831A33D4AC00B253D1 /* ViewController.swift in Sources */,
				F0B05D811A33D4AC00B253D1 /* AppDelegate.swift in Sources */,
			);
			runOnlyForDeploymentPostprocessing = 0;
		};
		F0B05D8C1A33D4AC00B253D1 /* Sources */ = {
			isa = PBXSourcesBuildPhase;
			buildActionMask = 2147483647;
			files = (
				F0B05D971A33D4AC00B253D1 /* testTransformTests.swift in Sources */,
			);
			runOnlyForDeploymentPostprocessing = 0;
		};
/* End PBXSourcesBuildPhase section */

/* Begin PBXTargetDependency section */
		F0B05D921A33D4AC00B253D1 /* PBXTargetDependency */ = {
			isa = PBXTargetDependency;
			target = F0B05D7A1A33D4AC00B253D1 /* testTransform */;
			targetProxy = F0B05D911A33D4AC00B253D1 /* PBXContainerItemProxy */;
		};
/* End PBXTargetDependency section */

/* Begin PBXVariantGroup section */
		F0B05D841A33D4AC00B253D1 /* Main.storyboard */ = {
			isa = PBXVariantGroup;
			children = (
				F0B05D851A33D4AC00B253D1 /* Base */,
			);
			name = Main.storyboard;
			sourceTree = "<group>";
		};
		F0B05D891A33D4AC00B253D1 /* LaunchScreen.xib */ = {
			isa = PBXVariantGroup;
			children = (
				F0B05D8A1A33D4AC00B253D1 /* Base */,
			);
			name = LaunchScreen.xib;
			sourceTree = "<group>";
		};
/* End PBXVariantGroup section */

/* Begin XCBuildConfiguration section */
		F0B05D981A33D4AC00B253D1 /* Debug */ = {
			isa = XCBuildConfiguration;
			buildSettings = {
				ALWAYS_SEARCH_USER_PATHS = NO;
				CLANG_CXX_LANGUAGE_STANDARD = "gnu++0x";
				CLANG_CXX_LIBRARY = "libc++";
				CLANG_ENABLE_MODULES = YES;
				CLANG_ENABLE_OBJC_ARC = YES;
				CLANG_WARN_BOOL_CONVERSION = YES;
				CLANG_WARN_CONSTANT_CONVERSION = YES;
				CLANG_WARN_DIRECT_OBJC_ISA_USAGE = YES_ERROR;
				CLANG_WARN_EMPTY_BODY = YES;
				CLANG_WARN_ENUM_CONVERSION = YES;
				CLANG_WARN_INT_CONVERSION = YES;
				CLANG_WARN_OBJC_ROOT_CLASS = YES_ERROR;
				CLANG_WARN_UNREACHABLE_CODE = YES;
				CLANG_WARN__DUPLICATE_METHOD_MATCH = YES;
				"CODE_SIGN_IDENTITY[sdk=iphoneos*]" = "iPhone Developer";
				COPY_PHASE_STRIP = NO;
				ENABLE_STRICT_OBJC_MSGSEND = YES;
				GCC_C_LANGUAGE_STANDARD = gnu99;
				GCC_DYNAMIC_NO_PIC = NO;
				GCC_OPTIMIZATION_LEVEL = 0;
				GCC_PREPROCESSOR_DEFINITIONS = (
					"DEBUG=1",
					"$(inherited)",
				);
				GCC_SYMBOLS_PRIVATE_EXTERN = NO;
				GCC_WARN_64_TO_32_BIT_CONVERSION = YES;
				GCC_WARN_ABOUT_RETURN_TYPE = YES_ERROR;
				GCC_WARN_UNDECLARED_SELECTOR = YES;
				GCC_WARN_UNINITIALIZED_AUTOS = YES_AGGRESSIVE;
				GCC_WARN_UNUSED_FUNCTION = YES;
				GCC_WARN_UNUSED_VARIABLE = YES;
				IPHONEOS_DEPLOYMENT_TARGET = 8.1;
				MTL_ENABLE_DEBUG_INFO = YES;
				ONLY_ACTIVE_ARCH = YES;
				SDKROOT = iphoneos;
				SWIFT_OPTIMIZATION_LEVEL = "-Onone";
			};
			name = Debug;
		};
		F0B05D991A33D4AC00B253D1 /* Release */ = {
			isa = XCBuildConfiguration;
			buildSettings = {
				ALWAYS_SEARCH_USER_PATHS = NO;
				CLANG_CXX_LANGUAGE_STANDARD = "gnu++0x";
				CLANG_CXX_LIBRARY = "libc++";
				CLANG_ENABLE_MODULES = YES;
				CLANG_ENABLE_OBJC_ARC = YES;
				CLANG_WARN_BOOL_CONVERSION = YES;
				CLANG_WARN_CONSTANT_CONVERSION = YES;
				CLANG_WARN_DIRECT_OBJC_ISA_USAGE = YES_ERROR;
				CLANG_WARN_EMPTY_BODY = YES;
				CLANG_WARN_ENUM_CONVERSION = YES;
				CLANG_WARN_INT_CONVERSION = YES;
				CLANG_WARN_OBJC_ROOT_CLASS = YES_ERROR;
				CLANG_WARN_UNREACHABLE_CODE = YES;
				CLANG_WARN__DUPLICATE_METHOD_MATCH = YES;
				"CODE_SIGN_IDENTITY[sdk=iphoneos*]" = "iPhone Developer";
				COPY_PHASE_STRIP = YES;
				ENABLE_NS_ASSERTIONS = NO;
				ENABLE_STRICT_OBJC_MSGSEND = YES;
				GCC_C_LANGUAGE_STANDARD = gnu99;
				GCC_WARN_64_TO_32_BIT_CONVERSION = YES;
				GCC_WARN_ABOUT_RETURN_TYPE = YES_ERROR;
				GCC_WARN_UNDECLARED_SELECTOR = YES;
				GCC_WARN_UNINITIALIZED_AUTOS = YES_AGGRESSIVE;
				GCC_WARN_UNUSED_FUNCTION = YES;
				GCC_WARN_UNUSED_VARIABLE = YES;
				IPHONEOS_DEPLOYMENT_TARGET = 8.1;
				MTL_ENABLE_DEBUG_INFO = NO;
				SDKROOT = iphoneos;
				VALIDATE_PRODUCT = YES;
			};
			name = Release;
		};
		F0B05D9B1A33D4AC00B253D1 /* Debug */ = {
			isa = XCBuildConfiguration;
			buildSettings = {
				ASSETCATALOG_COMPILER_APPICON_NAME = AppIcon;
				INFOPLIST_FILE = testTransform/Info.plist;
				LD_RUNPATH_SEARCH_PATHS = "$(inherited) @executable_path/Frameworks";
				PRODUCT_NAME = "$(TARGET_NAME)";
			};
			name = Debug;
		};
		F0B05D9C1A33D4AC00B253D1 /* Release */ = {
			isa = XCBuildConfiguration;
			buildSettings = {
				ASSETCATALOG_COMPILER_APPICON_NAME = AppIcon;
				INFOPLIST_FILE = testTransform/Info.plist;
				LD_RUNPATH_SEARCH_PATHS = "$(inherited) @executable_path/Frameworks";
				PRODUCT_NAME = "$(TARGET_NAME)";
			};
			name = Release;
		};
		F0B05D9E1A33D4AC00B253D1 /* Debug */ = {
			isa = XCBuildConfiguration;
			buildSettings = {
				BUNDLE_LOADER = "$(TEST_HOST)";
				FRAMEWORK_SEARCH_PATHS = (
					"$(SDKROOT)/Developer/Library/Frameworks",
					"$(inherited)",
				);
				GCC_PREPROCESSOR_DEFINITIONS = (
					"DEBUG=1",
					"$(inherited)",
				);
				INFOPLIST_FILE = testTransformTests/Info.plist;
				LD_RUNPATH_SEARCH_PATHS = "$(inherited) @executable_path/Frameworks @loader_path/Frameworks";
				PRODUCT_NAME = "$(TARGET_NAME)";
				TEST_HOST = "$(BUILT_PRODUCTS_DIR)/testTransform.app/testTransform";
			};
			name = Debug;
		};
		F0B05D9F1A33D4AC00B253D1 /* Release */ = {
			isa = XCBuildConfiguration;
			buildSettings = {
				BUNDLE_LOADER = "$(TEST_HOST)";
				FRAMEWORK_SEARCH_PATHS = (
					"$(SDKROOT)/Developer/Library/Frameworks",
					"$(inherited)",
				);
				INFOPLIST_FILE = testTransformTests/Info.plist;
				LD_RUNPATH_SEARCH_PATHS = "$(inherited) @executable_path/Frameworks @loader_path/Frameworks";
				PRODUCT_NAME = "$(TARGET_NAME)";
				TEST_HOST = "$(BUILT_PRODUCTS_DIR)/testTransform.app/testTransform";
			};
			name = Release;
		};
/* End XCBuildConfiguration section */

/* Begin XCConfigurationList section */
		F0B05D761A33D4AC00B253D1 /* Build configuration list for PBXProject "testTransform" */ = {
			isa = XCConfigurationList;
			buildConfigurations = (
				F0B05D981A33D4AC00B253D1 /* Debug */,
				F0B05D991A33D4AC00B253D1 /* Release */,
			);
			defaultConfigurationIsVisible = 0;
			defaultConfigurationName = Release;
		};
		F0B05D9A1A33D4AC00B253D1 /* Build configuration list for PBXNativeTarget "testTransform" */ = {
			isa = XCConfigurationList;
			buildConfigurations = (
				F0B05D9B1A33D4AC00B253D1 /* Debug */,
				F0B05D9C1A33D4AC00B253D1 /* Release */,
			);
			defaultConfigurationIsVisible = 0;
		};
		F0B05D9D1A33D4AC00B253D1 /* Build configuration list for PBXNativeTarget "testTransformTests" */ = {
			isa = XCConfigurationList;
			buildConfigurations = (
				F0B05D9E1A33D4AC00B253D1 /* Debug */,
				F0B05D9F1A33D4AC00B253D1 /* Release */,
			);
			defaultConfigurationIsVisible = 0;
		};
/* End XCConfigurationList section */
	};
	rootObject = F0B05D731A33D4AC00B253D1 /* Project object */;
}
