// !$*UTF8*$!
{
	archiveVersion = 1;
	classes = {
	};
	objectVersion = 46;
	objects = {

/* Begin PBXBuildFile section */
		782184701A10F29100E1BC3B /* SearchResult.swift in Sources */ = {isa = PBXBuildFile; fileRef = 7821846F1A10F29100E1BC3B /* SearchResult.swift */; };
		782D6FA41A18322300287000 /* LandscapeViewController.swift in Sources */ = {isa = PBXBuildFile; fileRef = 782D6FA31A18322300287000 /* LandscapeViewController.swift */; };
		782E0E2A1A110B430071BBDB /* SearchResultCell.xib in Resources */ = {isa = PBXBuildFile; fileRef = 782E0E291A110B430071BBDB /* SearchResultCell.xib */; };
		782FC7771A14D49100C1BBE3 /* LoadingCell.xib in Resources */ = {isa = PBXBuildFile; fileRef = 782FC7761A14D49100C1BBE3 /* LoadingCell.xib */; };
		7833EBF61A163CBB00BCAD96 /* UIImageView+DownloadImage.swift in Sources */ = {isa = PBXBuildFile; fileRef = 7833EBF51A163CBB00BCAD96 /* UIImageView+DownloadImage.swift */; };
		785697951A0FB1DE007B80FB /* AppDelegate.swift in Sources */ = {isa = PBXBuildFile; fileRef = 785697941A0FB1DE007B80FB /* AppDelegate.swift */; };
		785697971A0FB1DE007B80FB /* SearchViewController.swift in Sources */ = {isa = PBXBuildFile; fileRef = 785697961A0FB1DE007B80FB /* SearchViewController.swift */; };
		7856979A1A0FB1DE007B80FB /* Main.storyboard in Resources */ = {isa = PBXBuildFile; fileRef = 785697981A0FB1DE007B80FB /* Main.storyboard */; };
		7856979C1A0FB1DE007B80FB /* Images.xcassets in Resources */ = {isa = PBXBuildFile; fileRef = 7856979B1A0FB1DE007B80FB /* Images.xcassets */; };
		785697AB1A0FB1DE007B80FB /* StoreSearchTests.swift in Sources */ = {isa = PBXBuildFile; fileRef = 785697AA1A0FB1DE007B80FB /* StoreSearchTests.swift */; };
		78A7A54C1A16F4A200FF33DD /* DetailViewController.swift in Sources */ = {isa = PBXBuildFile; fileRef = 78A7A54B1A16F4A200FF33DD /* DetailViewController.swift */; };
		78A7A54E1A1717C900FF33DD /* DimmingPresentationController.swift in Sources */ = {isa = PBXBuildFile; fileRef = 78A7A54D1A1717C900FF33DD /* DimmingPresentationController.swift */; };
		78A7A5501A177EC100FF33DD /* GradientView.swift in Sources */ = {isa = PBXBuildFile; fileRef = 78A7A54F1A177EC100FF33DD /* GradientView.swift */; };
		78A7A5521A17823D00FF33DD /* BounceAnimationController.swift in Sources */ = {isa = PBXBuildFile; fileRef = 78A7A5511A17823D00FF33DD /* BounceAnimationController.swift */; };
		78A7A5541A17863900FF33DD /* File.swift in Sources */ = {isa = PBXBuildFile; fileRef = 78A7A5531A17863900FF33DD /* File.swift */; };
		78B5F6781A124211008BBC22 /* SearchResultCell.swift in Sources */ = {isa = PBXBuildFile; fileRef = 78B5F6771A124211008BBC22 /* SearchResultCell.swift */; };
		78B5F67A1A124467008BBC22 /* NothingFoundCell.xib in Resources */ = {isa = PBXBuildFile; fileRef = 78B5F6791A124467008BBC22 /* NothingFoundCell.xib */; };
/* End PBXBuildFile section */

/* Begin PBXContainerItemProxy section */
		785697A51A0FB1DE007B80FB /* PBXContainerItemProxy */ = {
			isa = PBXContainerItemProxy;
			containerPortal = 785697871A0FB1DE007B80FB /* Project object */;
			proxyType = 1;
			remoteGlobalIDString = 7856978E1A0FB1DE007B80FB;
			remoteInfo = StoreSearch;
		};
/* End PBXContainerItemProxy section */

/* Begin PBXFileReference section */
		7821846F1A10F29100E1BC3B /* SearchResult.swift */ = {isa = PBXFileReference; fileEncoding = 4; lastKnownFileType = sourcecode.swift; path = SearchResult.swift; sourceTree = "<group>"; };
		782D6FA31A18322300287000 /* LandscapeViewController.swift */ = {isa = PBXFileReference; fileEncoding = 4; lastKnownFileType = sourcecode.swift; path = LandscapeViewController.swift; sourceTree = "<group>"; };
		782E0E291A110B430071BBDB /* SearchResultCell.xib */ = {isa = PBXFileReference; fileEncoding = 4; lastKnownFileType = file.xib; name = SearchResultCell.xib; path = ../SearchResultCell.xib; sourceTree = "<group>"; };
		782FC7761A14D49100C1BBE3 /* LoadingCell.xib */ = {isa = PBXFileReference; fileEncoding = 4; lastKnownFileType = file.xib; path = LoadingCell.xib; sourceTree = "<group>"; };
		7833EBF51A163CBB00BCAD96 /* UIImageView+DownloadImage.swift */ = {isa = PBXFileReference; fileEncoding = 4; lastKnownFileType = sourcecode.swift; path = "UIImageView+DownloadImage.swift"; sourceTree = "<group>"; };
		7856978F1A0FB1DE007B80FB /* StoreSearch.app */ = {isa = PBXFileReference; explicitFileType = wrapper.application; includeInIndex = 0; path = StoreSearch.app; sourceTree = BUILT_PRODUCTS_DIR; };
		785697931A0FB1DE007B80FB /* Info.plist */ = {isa = PBXFileReference; lastKnownFileType = text.plist.xml; path = Info.plist; sourceTree = "<group>"; };
		785697941A0FB1DE007B80FB /* AppDelegate.swift */ = {isa = PBXFileReference; lastKnownFileType = sourcecode.swift; path = AppDelegate.swift; sourceTree = "<group>"; };
		785697961A0FB1DE007B80FB /* SearchViewController.swift */ = {isa = PBXFileReference; lastKnownFileType = sourcecode.swift; path = SearchViewController.swift; sourceTree = "<group>"; };
		785697991A0FB1DE007B80FB /* Base */ = {isa = PBXFileReference; lastKnownFileType = file.storyboard; name = Base; path = Base.lproj/Main.storyboard; sourceTree = "<group>"; };
		7856979B1A0FB1DE007B80FB /* Images.xcassets */ = {isa = PBXFileReference; lastKnownFileType = folder.assetcatalog; path = Images.xcassets; sourceTree = "<group>"; };
		785697A41A0FB1DE007B80FB /* StoreSearchTests.xctest */ = {isa = PBXFileReference; explicitFileType = wrapper.cfbundle; includeInIndex = 0; path = StoreSearchTests.xctest; sourceTree = BUILT_PRODUCTS_DIR; };
		785697A91A0FB1DE007B80FB /* Info.plist */ = {isa = PBXFileReference; lastKnownFileType = text.plist.xml; path = Info.plist; sourceTree = "<group>"; };
		785697AA1A0FB1DE007B80FB /* StoreSearchTests.swift */ = {isa = PBXFileReference; lastKnownFileType = sourcecode.swift; path = StoreSearchTests.swift; sourceTree = "<group>"; };
		78A7A54B1A16F4A200FF33DD /* DetailViewController.swift */ = {isa = PBXFileReference; fileEncoding = 4; lastKnownFileType = sourcecode.swift; path = DetailViewController.swift; sourceTree = "<group>"; };
		78A7A54D1A1717C900FF33DD /* DimmingPresentationController.swift */ = {isa = PBXFileReference; fileEncoding = 4; lastKnownFileType = sourcecode.swift; path = DimmingPresentationController.swift; sourceTree = "<group>"; };
		78A7A54F1A177EC100FF33DD /* GradientView.swift */ = {isa = PBXFileReference; fileEncoding = 4; lastKnownFileType = sourcecode.swift; path = GradientView.swift; sourceTree = "<group>"; };
		78A7A5511A17823D00FF33DD /* BounceAnimationController.swift */ = {isa = PBXFileReference; fileEncoding = 4; lastKnownFileType = sourcecode.swift; path = BounceAnimationController.swift; sourceTree = "<group>"; };
		78A7A5531A17863900FF33DD /* File.swift */ = {isa = PBXFileReference; fileEncoding = 4; lastKnownFileType = sourcecode.swift; path = File.swift; sourceTree = "<group>"; };
		78B5F6771A124211008BBC22 /* SearchResultCell.swift */ = {isa = PBXFileReference; fileEncoding = 4; lastKnownFileType = sourcecode.swift; path = SearchResultCell.swift; sourceTree = "<group>"; };
		78B5F6791A124467008BBC22 /* NothingFoundCell.xib */ = {isa = PBXFileReference; fileEncoding = 4; lastKnownFileType = file.xib; path = NothingFoundCell.xib; sourceTree = "<group>"; };
/* End PBXFileReference section */

/* Begin PBXFrameworksBuildPhase section */
		7856978C1A0FB1DE007B80FB /* Frameworks */ = {
			isa = PBXFrameworksBuildPhase;
			buildActionMask = 2147483647;
			files = (
			);
			runOnlyForDeploymentPostprocessing = 0;
		};
		785697A11A0FB1DE007B80FB /* Frameworks */ = {
			isa = PBXFrameworksBuildPhase;
			buildActionMask = 2147483647;
			files = (
			);
			runOnlyForDeploymentPostprocessing = 0;
		};
/* End PBXFrameworksBuildPhase section */

/* Begin PBXGroup section */
		785697861A0FB1DE007B80FB = {
			isa = PBXGroup;
			children = (
				785697911A0FB1DE007B80FB /* StoreSearch */,
				785697A71A0FB1DE007B80FB /* StoreSearchTests */,
				785697901A0FB1DE007B80FB /* Products */,
			);
			sourceTree = "<group>";
		};
		785697901A0FB1DE007B80FB /* Products */ = {
			isa = PBXGroup;
			children = (
				7856978F1A0FB1DE007B80FB /* StoreSearch.app */,
				785697A41A0FB1DE007B80FB /* StoreSearchTests.xctest */,
			);
			name = Products;
			sourceTree = "<group>";
		};
		785697911A0FB1DE007B80FB /* StoreSearch */ = {
			isa = PBXGroup;
			children = (
				785697941A0FB1DE007B80FB /* AppDelegate.swift */,
				7821846F1A10F29100E1BC3B /* SearchResult.swift */,
				78B5F6771A124211008BBC22 /* SearchResultCell.swift */,
				785697961A0FB1DE007B80FB /* SearchViewController.swift */,
				7856979B1A0FB1DE007B80FB /* Images.xcassets */,
				782E0E291A110B430071BBDB /* SearchResultCell.xib */,
				782FC7761A14D49100C1BBE3 /* LoadingCell.xib */,
				785697981A0FB1DE007B80FB /* Main.storyboard */,
				785697921A0FB1DE007B80FB /* Supporting Files */,
				78B5F6791A124467008BBC22 /* NothingFoundCell.xib */,
				7833EBF51A163CBB00BCAD96 /* UIImageView+DownloadImage.swift */,
				78A7A54B1A16F4A200FF33DD /* DetailViewController.swift */,
				78A7A54D1A1717C900FF33DD /* DimmingPresentationController.swift */,
				78A7A54F1A177EC100FF33DD /* GradientView.swift */,
				78A7A5511A17823D00FF33DD /* BounceAnimationController.swift */,
				78A7A5531A17863900FF33DD /* File.swift */,
				782D6FA31A18322300287000 /* LandscapeViewController.swift */,
			);
			path = StoreSearch;
			sourceTree = "<group>";
		};
		785697921A0FB1DE007B80FB /* Supporting Files */ = {
			isa = PBXGroup;
			children = (
				785697931A0FB1DE007B80FB /* Info.plist */,
			);
			name = "Supporting Files";
			sourceTree = "<group>";
		};
		785697A71A0FB1DE007B80FB /* StoreSearchTests */ = {
			isa = PBXGroup;
			children = (
				785697AA1A0FB1DE007B80FB /* StoreSearchTests.swift */,
				785697A81A0FB1DE007B80FB /* Supporting Files */,
			);
			path = StoreSearchTests;
			sourceTree = "<group>";
		};
		785697A81A0FB1DE007B80FB /* Supporting Files */ = {
			isa = PBXGroup;
			children = (
				785697A91A0FB1DE007B80FB /* Info.plist */,
			);
			name = "Supporting Files";
			sourceTree = "<group>";
		};
/* End PBXGroup section */

/* Begin PBXNativeTarget section */
		7856978E1A0FB1DE007B80FB /* StoreSearch */ = {
			isa = PBXNativeTarget;
			buildConfigurationList = 785697AE1A0FB1DE007B80FB /* Build configuration list for PBXNativeTarget "StoreSearch" */;
			buildPhases = (
				7856978B1A0FB1DE007B80FB /* Sources */,
				7856978C1A0FB1DE007B80FB /* Frameworks */,
				7856978D1A0FB1DE007B80FB /* Resources */,
			);
			buildRules = (
			);
			dependencies = (
			);
			name = StoreSearch;
			productName = StoreSearch;
			productReference = 7856978F1A0FB1DE007B80FB /* StoreSearch.app */;
			productType = "com.apple.product-type.application";
		};
		785697A31A0FB1DE007B80FB /* StoreSearchTests */ = {
			isa = PBXNativeTarget;
			buildConfigurationList = 785697B11A0FB1DE007B80FB /* Build configuration list for PBXNativeTarget "StoreSearchTests" */;
			buildPhases = (
				785697A01A0FB1DE007B80FB /* Sources */,
				785697A11A0FB1DE007B80FB /* Frameworks */,
				785697A21A0FB1DE007B80FB /* Resources */,
			);
			buildRules = (
			);
			dependencies = (
				785697A61A0FB1DE007B80FB /* PBXTargetDependency */,
			);
			name = StoreSearchTests;
			productName = StoreSearchTests;
			productReference = 785697A41A0FB1DE007B80FB /* StoreSearchTests.xctest */;
			productType = "com.apple.product-type.bundle.unit-test";
		};
/* End PBXNativeTarget section */

/* Begin PBXProject section */
		785697871A0FB1DE007B80FB /* Project object */ = {
			isa = PBXProject;
			attributes = {
				LastUpgradeCheck = 0610;
				ORGANIZATIONNAME = yaming;
				TargetAttributes = {
					7856978E1A0FB1DE007B80FB = {
						CreatedOnToolsVersion = 6.1;
					};
					785697A31A0FB1DE007B80FB = {
						CreatedOnToolsVersion = 6.1;
						TestTargetID = 7856978E1A0FB1DE007B80FB;
					};
				};
			};
			buildConfigurationList = 7856978A1A0FB1DE007B80FB /* Build configuration list for PBXProject "StoreSearch" */;
			compatibilityVersion = "Xcode 3.2";
			developmentRegion = English;
			hasScannedForEncodings = 0;
			knownRegions = (
				en,
				Base,
			);
			mainGroup = 785697861A0FB1DE007B80FB;
			productRefGroup = 785697901A0FB1DE007B80FB /* Products */;
			projectDirPath = "";
			projectRoot = "";
			targets = (
				7856978E1A0FB1DE007B80FB /* StoreSearch */,
				785697A31A0FB1DE007B80FB /* StoreSearchTests */,
			);
		};
/* End PBXProject section */

/* Begin PBXResourcesBuildPhase section */
		7856978D1A0FB1DE007B80FB /* Resources */ = {
			isa = PBXResourcesBuildPhase;
			buildActionMask = 2147483647;
			files = (
				7856979A1A0FB1DE007B80FB /* Main.storyboard in Resources */,
				782FC7771A14D49100C1BBE3 /* LoadingCell.xib in Resources */,
				782E0E2A1A110B430071BBDB /* SearchResultCell.xib in Resources */,
				78B5F67A1A124467008BBC22 /* NothingFoundCell.xib in Resources */,
				7856979C1A0FB1DE007B80FB /* Images.xcassets in Resources */,
			);
			runOnlyForDeploymentPostprocessing = 0;
		};
		785697A21A0FB1DE007B80FB /* Resources */ = {
			isa = PBXResourcesBuildPhase;
			buildActionMask = 2147483647;
			files = (
			);
			runOnlyForDeploymentPostprocessing = 0;
		};
/* End PBXResourcesBuildPhase section */

/* Begin PBXSourcesBuildPhase section */
		7856978B1A0FB1DE007B80FB /* Sources */ = {
			isa = PBXSourcesBuildPhase;
			buildActionMask = 2147483647;
			files = (
				785697971A0FB1DE007B80FB /* SearchViewController.swift in Sources */,
				78A7A54E1A1717C900FF33DD /* DimmingPresentationController.swift in Sources */,
				782184701A10F29100E1BC3B /* SearchResult.swift in Sources */,
				78B5F6781A124211008BBC22 /* SearchResultCell.swift in Sources */,
				78A7A5521A17823D00FF33DD /* BounceAnimationController.swift in Sources */,
				782D6FA41A18322300287000 /* LandscapeViewController.swift in Sources */,
				78A7A5541A17863900FF33DD /* File.swift in Sources */,
				78A7A54C1A16F4A200FF33DD /* DetailViewController.swift in Sources */,
				785697951A0FB1DE007B80FB /* AppDelegate.swift in Sources */,
				78A7A5501A177EC100FF33DD /* GradientView.swift in Sources */,
				7833EBF61A163CBB00BCAD96 /* UIImageView+DownloadImage.swift in Sources */,
			);
			runOnlyForDeploymentPostprocessing = 0;
		};
		785697A01A0FB1DE007B80FB /* Sources */ = {
			isa = PBXSourcesBuildPhase;
			buildActionMask = 2147483647;
			files = (
				785697AB1A0FB1DE007B80FB /* StoreSearchTests.swift in Sources */,
			);
			runOnlyForDeploymentPostprocessing = 0;
		};
/* End PBXSourcesBuildPhase section */

/* Begin PBXTargetDependency section */
		785697A61A0FB1DE007B80FB /* PBXTargetDependency */ = {
			isa = PBXTargetDependency;
			target = 7856978E1A0FB1DE007B80FB /* StoreSearch */;
			targetProxy = 785697A51A0FB1DE007B80FB /* PBXContainerItemProxy */;
		};
/* End PBXTargetDependency section */

/* Begin PBXVariantGroup section */
		785697981A0FB1DE007B80FB /* Main.storyboard */ = {
			isa = PBXVariantGroup;
			children = (
				785697991A0FB1DE007B80FB /* Base */,
			);
			name = Main.storyboard;
			sourceTree = "<group>";
		};
/* End PBXVariantGroup section */

/* Begin XCBuildConfiguration section */
		785697AC1A0FB1DE007B80FB /* Debug */ = {
			isa = XCBuildConfiguration;
			buildSettings = {
				ALWAYS_SEARCH_USER_PATHS = NO;
				CLANG_CXX_LANGUAGE_STANDARD = "gnu++0x";
				CLANG_CXX_LIBRARY = "libc++";
				CLANG_ENABLE_MODULES = YES;
				CLANG_ENABLE_OBJC_ARC = YES;
				CLANG_WARN_BOOL_CONVERSION = YES;
				CLANG_WARN_CONSTANT_CONVERSION = YES;
				CLANG_WARN_DIRECT_OBJC_ISA_USAGE = YES_ERROR;
				CLANG_WARN_EMPTY_BODY = YES;
				CLANG_WARN_ENUM_CONVERSION = YES;
				CLANG_WARN_INT_CONVERSION = YES;
				CLANG_WARN_OBJC_ROOT_CLASS = YES_ERROR;
				CLANG_WARN_UNREACHABLE_CODE = YES;
				CLANG_WARN__DUPLICATE_METHOD_MATCH = YES;
				"CODE_SIGN_IDENTITY[sdk=iphoneos*]" = "iPhone Developer";
				COPY_PHASE_STRIP = NO;
				ENABLE_STRICT_OBJC_MSGSEND = YES;
				GCC_C_LANGUAGE_STANDARD = gnu99;
				GCC_DYNAMIC_NO_PIC = NO;
				GCC_OPTIMIZATION_LEVEL = 0;
				GCC_PREPROCESSOR_DEFINITIONS = (
					"DEBUG=1",
					"$(inherited)",
				);
				GCC_SYMBOLS_PRIVATE_EXTERN = NO;
				GCC_WARN_64_TO_32_BIT_CONVERSION = YES;
				GCC_WARN_ABOUT_RETURN_TYPE = YES_ERROR;
				GCC_WARN_UNDECLARED_SELECTOR = YES;
				GCC_WARN_UNINITIALIZED_AUTOS = YES_AGGRESSIVE;
				GCC_WARN_UNUSED_FUNCTION = YES;
				GCC_WARN_UNUSED_VARIABLE = YES;
				IPHONEOS_DEPLOYMENT_TARGET = 8.1;
				MTL_ENABLE_DEBUG_INFO = YES;
				ONLY_ACTIVE_ARCH = YES;
				SDKROOT = iphoneos;
				SWIFT_OPTIMIZATION_LEVEL = "-Onone";
			};
			name = Debug;
		};
		785697AD1A0FB1DE007B80FB /* Release */ = {
			isa = XCBuildConfiguration;
			buildSettings = {
				ALWAYS_SEARCH_USER_PATHS = NO;
				CLANG_CXX_LANGUAGE_STANDARD = "gnu++0x";
				CLANG_CXX_LIBRARY = "libc++";
				CLANG_ENABLE_MODULES = YES;
				CLANG_ENABLE_OBJC_ARC = YES;
				CLANG_WARN_BOOL_CONVERSION = YES;
				CLANG_WARN_CONSTANT_CONVERSION = YES;
				CLANG_WARN_DIRECT_OBJC_ISA_USAGE = YES_ERROR;
				CLANG_WARN_EMPTY_BODY = YES;
				CLANG_WARN_ENUM_CONVERSION = YES;
				CLANG_WARN_INT_CONVERSION = YES;
				CLANG_WARN_OBJC_ROOT_CLASS = YES_ERROR;
				CLANG_WARN_UNREACHABLE_CODE = YES;
				CLANG_WARN__DUPLICATE_METHOD_MATCH = YES;
				"CODE_SIGN_IDENTITY[sdk=iphoneos*]" = "iPhone Developer";
				COPY_PHASE_STRIP = YES;
				ENABLE_NS_ASSERTIONS = NO;
				ENABLE_STRICT_OBJC_MSGSEND = YES;
				GCC_C_LANGUAGE_STANDARD = gnu99;
				GCC_WARN_64_TO_32_BIT_CONVERSION = YES;
				GCC_WARN_ABOUT_RETURN_TYPE = YES_ERROR;
				GCC_WARN_UNDECLARED_SELECTOR = YES;
				GCC_WARN_UNINITIALIZED_AUTOS = YES_AGGRESSIVE;
				GCC_WARN_UNUSED_FUNCTION = YES;
				GCC_WARN_UNUSED_VARIABLE = YES;
				IPHONEOS_DEPLOYMENT_TARGET = 8.1;
				MTL_ENABLE_DEBUG_INFO = NO;
				SDKROOT = iphoneos;
				VALIDATE_PRODUCT = YES;
			};
			name = Release;
		};
		785697AF1A0FB1DE007B80FB /* Debug */ = {
			isa = XCBuildConfiguration;
			buildSettings = {
				ASSETCATALOG_COMPILER_APPICON_NAME = AppIcon;
				INFOPLIST_FILE = StoreSearch/Info.plist;
				LD_RUNPATH_SEARCH_PATHS = "$(inherited) @executable_path/Frameworks";
				PRODUCT_NAME = "$(TARGET_NAME)";
			};
			name = Debug;
		};
		785697B01A0FB1DE007B80FB /* Release */ = {
			isa = XCBuildConfiguration;
			buildSettings = {
				ASSETCATALOG_COMPILER_APPICON_NAME = AppIcon;
				INFOPLIST_FILE = StoreSearch/Info.plist;
				LD_RUNPATH_SEARCH_PATHS = "$(inherited) @executable_path/Frameworks";
				PRODUCT_NAME = "$(TARGET_NAME)";
			};
			name = Release;
		};
		785697B21A0FB1DE007B80FB /* Debug */ = {
			isa = XCBuildConfiguration;
			buildSettings = {
				BUNDLE_LOADER = "$(TEST_HOST)";
				FRAMEWORK_SEARCH_PATHS = (
					"$(SDKROOT)/Developer/Library/Frameworks",
					"$(inherited)",
				);
				GCC_PREPROCESSOR_DEFINITIONS = (
					"DEBUG=1",
					"$(inherited)",
				);
				INFOPLIST_FILE = StoreSearchTests/Info.plist;
				LD_RUNPATH_SEARCH_PATHS = "$(inherited) @executable_path/Frameworks @loader_path/Frameworks";
				PRODUCT_NAME = "$(TARGET_NAME)";
				TEST_HOST = "$(BUILT_PRODUCTS_DIR)/StoreSearch.app/StoreSearch";
			};
			name = Debug;
		};
		785697B31A0FB1DE007B80FB /* Release */ = {
			isa = XCBuildConfiguration;
			buildSettings = {
				BUNDLE_LOADER = "$(TEST_HOST)";
				FRAMEWORK_SEARCH_PATHS = (
					"$(SDKROOT)/Developer/Library/Frameworks",
					"$(inherited)",
				);
				INFOPLIST_FILE = StoreSearchTests/Info.plist;
				LD_RUNPATH_SEARCH_PATHS = "$(inherited) @executable_path/Frameworks @loader_path/Frameworks";
				PRODUCT_NAME = "$(TARGET_NAME)";
				TEST_HOST = "$(BUILT_PRODUCTS_DIR)/StoreSearch.app/StoreSearch";
			};
			name = Release;
		};
/* End XCBuildConfiguration section */

/* Begin XCConfigurationList section */
		7856978A1A0FB1DE007B80FB /* Build configuration list for PBXProject "StoreSearch" */ = {
			isa = XCConfigurationList;
			buildConfigurations = (
				785697AC1A0FB1DE007B80FB /* Debug */,
				785697AD1A0FB1DE007B80FB /* Release */,
			);
			defaultConfigurationIsVisible = 0;
			defaultConfigurationName = Release;
		};
		785697AE1A0FB1DE007B80FB /* Build configuration list for PBXNativeTarget "StoreSearch" */ = {
			isa = XCConfigurationList;
			buildConfigurations = (
				785697AF1A0FB1DE007B80FB /* Debug */,
				785697B01A0FB1DE007B80FB /* Release */,
			);
			defaultConfigurationIsVisible = 0;
			defaultConfigurationName = Release;
		};
		785697B11A0FB1DE007B80FB /* Build configuration list for PBXNativeTarget "StoreSearchTests" */ = {
			isa = XCConfigurationList;
			buildConfigurations = (
				785697B21A0FB1DE007B80FB /* Debug */,
				785697B31A0FB1DE007B80FB /* Release */,
			);
			defaultConfigurationIsVisible = 0;
			defaultConfigurationName = Release;
		};
/* End XCConfigurationList section */
	};
	rootObject = 785697871A0FB1DE007B80FB /* Project object */;
}
